<?xml version="1.0" encoding="utf-8"?>
<Project ToolsVersion="4.0" xmlns="http://schemas.microsoft.com/developer/msbuild/2003">
  <ItemGroup>
    <Filter Include="Source Files">
      <UniqueIdentifier>{4FC737F1-C7A5-4376-A066-2A32D752A2FF}</UniqueIdentifier>
      <Extensions>cpp;c;cc;cxx;def;odl;idl;hpj;bat;asm;asmx</Extensions>
    </Filter>
    <Filter Include="Header Files">
      <UniqueIdentifier>{93995380-89BD-4b04-88EB-625FBE52EBFB}</UniqueIdentifier>
      <Extensions>h;hpp;hxx;hm;inl;inc;xsd</Extensions>
    </Filter>
    <Filter Include="Shader">
      <UniqueIdentifier>{67DA6AB6-F800-4c08-8B7A-83BB121AAD01}</UniqueIdentifier>
      <Extensions>rc;ico;cur;bmp;dlg;rc2;rct;bin;rgs;gif;jpg;jpeg;jpe;resx;tiff;tif;png;wav;mfcribbon-ms</Extensions>
    </Filter>
    <Filter Include="PlayerInfo">
      <UniqueIdentifier>{ee63a848-364d-4119-9628-05cc3d6a4b17}</UniqueIdentifier>
    </Filter>
    <Filter Include="Projectile">
      <UniqueIdentifier>{e55b5c68-9d98-4cde-ba44-f0d28d0cf437}</UniqueIdentifier>
    </Filter>
    <Filter Include="SkyBox">
      <UniqueIdentifier>{37a125cd-b9e3-4b31-923e-1226145f54a1}</UniqueIdentifier>
    </Filter>
    <Filter Include="WeaponInfo">
      <UniqueIdentifier>{7dbec654-2f78-40a8-a3ff-38691d57358e}</UniqueIdentifier>
    </Filter>
    <Filter Include="SceneGraph">
      <UniqueIdentifier>{8ac2bec7-1ed0-4c0b-9aa8-0cc9515237eb}</UniqueIdentifier>
    </Filter>
    <Filter Include="SpatialPartition">
      <UniqueIdentifier>{802e439a-6b63-421f-9bce-337a839a36c4}</UniqueIdentifier>
    </Filter>
    <Filter Include="LevelOfDetails">
      <UniqueIdentifier>{3f38a962-a883-4f37-9a91-6979b4fc1f88}</UniqueIdentifier>
    </Filter>
    <Filter Include="Gameobject">
      <UniqueIdentifier>{ace7056e-59d3-4d7b-a0bd-e8d29051e38e}</UniqueIdentifier>
    </Filter>
    <Filter Include="Gameobject\Windmill">
      <UniqueIdentifier>{ce40b4c4-e1bb-4ee6-a96a-fb53865a5341}</UniqueIdentifier>
    </Filter>
    <Filter Include="Gameobject\Barrel">
      <UniqueIdentifier>{4158ddc1-f930-4b63-b080-c4d6f8d4049e}</UniqueIdentifier>
    </Filter>
    <Filter Include="Gameobject\Sack">
      <UniqueIdentifier>{5ad64c63-f4cb-4718-80c0-664862caaed8}</UniqueIdentifier>
    </Filter>
    <Filter Include="Gameobject\Crate">
      <UniqueIdentifier>{12554a73-6c11-4fff-9bb2-7a628c9d91ac}</UniqueIdentifier>
    </Filter>
    <Filter Include="Animation">
      <UniqueIdentifier>{3d8a66ce-a339-469b-897e-1a0552f0c4a7}</UniqueIdentifier>
    </Filter>
    <Filter Include="Models">
      <UniqueIdentifier>{f5fb02ce-b59a-403f-b90f-1e6eba658755}</UniqueIdentifier>
    </Filter>
    <Filter Include="Gameobject\BulletfireSprite">
      <UniqueIdentifier>{d198dc2d-3b33-43d6-8ae3-e80be319c321}</UniqueIdentifier>
    </Filter>
    <Filter Include="Gameobject\BigText">
      <UniqueIdentifier>{57bd8405-61ad-48f4-a0d6-9144a6c67e90}</UniqueIdentifier>
    </Filter>
    <Filter Include="MobGenerator">
      <UniqueIdentifier>{f5bd307b-fcbb-490c-b8e7-b8bbda807c1d}</UniqueIdentifier>
    </Filter>
    <Filter Include="Controller">
      <UniqueIdentifier>{8973976a-7631-4648-8ba5-eda5a3384930}</UniqueIdentifier>
    </Filter>
    <Filter Include="Audio">
      <UniqueIdentifier>{a1fe727d-59f4-428d-a9c6-9bcc5ea9045b}</UniqueIdentifier>
    </Filter>
    <Filter Include="Lua">
      <UniqueIdentifier>{4479c8bc-8d51-4fe0-bcf6-ef45511e778c}</UniqueIdentifier>
    </Filter>
    <Filter Include="GameStateManager">
      <UniqueIdentifier>{b79873fd-2ecb-461f-b10d-9a23204ea996}</UniqueIdentifier>
    </Filter>
  </ItemGroup>
  <ItemGroup>
    <ClCompile Include="Source\Application.cpp">
      <Filter>Source Files</Filter>
    </ClCompile>
    <ClCompile Include="Source\main.cpp">
      <Filter>Source Files</Filter>
    </ClCompile>
    <ClCompile Include="Source\SceneText.cpp">
      <Filter>Source Files</Filter>
    </ClCompile>
    <ClCompile Include="Source\FPSCamera.cpp">
      <Filter>Source Files</Filter>
    </ClCompile>
    <ClCompile Include="Source\OBJMesh.cpp">
      <Filter>Source Files</Filter>
    </ClCompile>
    <ClCompile Include="Source\GroundEntity.cpp">
      <Filter>Source Files</Filter>
    </ClCompile>
    <ClCompile Include="Source\TextEntity.cpp">
      <Filter>Source Files</Filter>
    </ClCompile>
    <ClCompile Include="Source\SpriteEntity.cpp">
      <Filter>Source Files</Filter>
    </ClCompile>
    <ClCompile Include="Source\Light.cpp">
      <Filter>Source Files</Filter>
    </ClCompile>
    <ClCompile Include="Source\PlayerInfo\PlayerInfo.cpp">
      <Filter>PlayerInfo</Filter>
    </ClCompile>
    <ClCompile Include="Source\Projectile\Projectile.cpp">
      <Filter>Projectile</Filter>
    </ClCompile>
    <ClCompile Include="Source\SkyBox\SkyBoxEntity.cpp">
      <Filter>SkyBox</Filter>
    </ClCompile>
    <ClCompile Include="Source\WeaponInfo\Pistol.cpp">
      <Filter>WeaponInfo</Filter>
    </ClCompile>
    <ClCompile Include="Source\WeaponInfo\WeaponInfo.cpp">
      <Filter>WeaponInfo</Filter>
    </ClCompile>
    <ClCompile Include="Source\WeaponInfo\LaserBlaster.cpp">
      <Filter>WeaponInfo</Filter>
    </ClCompile>
    <ClCompile Include="Source\Projectile\Laser.cpp">
      <Filter>Projectile</Filter>
    </ClCompile>
    <ClCompile Include="Source\EntityManager.cpp">
      <Filter>Source Files</Filter>
    </ClCompile>
    <ClCompile Include="Source\GenericEntity.cpp">
      <Filter>Source Files</Filter>
    </ClCompile>
    <ClCompile Include="Source\SceneGraph\SceneGraph.cpp">
      <Filter>SceneGraph</Filter>
    </ClCompile>
    <ClCompile Include="Source\SceneGraph\Transform.cpp">
      <Filter>SceneGraph</Filter>
    </ClCompile>
    <ClCompile Include="Source\SceneGraph\SceneNode.cpp">
      <Filter>SceneGraph</Filter>
    </ClCompile>
    <ClCompile Include="Source\SceneGraph\UpdateTransformation.cpp">
      <Filter>SceneGraph</Filter>
    </ClCompile>
    <ClCompile Include="Source\SpatialPartition\Grid.cpp">
      <Filter>SpatialPartition</Filter>
    </ClCompile>
    <ClCompile Include="Source\SpatialPartition\SpatialPartition.cpp">
      <Filter>SpatialPartition</Filter>
    </ClCompile>
    <ClCompile Include="Source\WeaponInfo\GrenadeThrow.cpp">
      <Filter>WeaponInfo</Filter>
    </ClCompile>
    <ClCompile Include="Source\Projectile\Grenade.cpp">
      <Filter>Projectile</Filter>
    </ClCompile>
    <ClCompile Include="Source\LevelOfDetails\LevelOfDetails.cpp">
      <Filter>LevelOfDetails</Filter>
    </ClCompile>
    <ClCompile Include="Source\Physics.cpp">
      <Filter>Source Files</Filter>
    </ClCompile>
    <ClCompile Include="Source\Windmill.cpp">
      <Filter>Gameobject\Windmill</Filter>
    </ClCompile>
    <ClCompile Include="Source\Barrel.cpp">
      <Filter>Gameobject\Barrel</Filter>
    </ClCompile>
    <ClCompile Include="Source\Sack.cpp">
      <Filter>Gameobject\Sack</Filter>
    </ClCompile>
    <ClCompile Include="Source\Crate.cpp">
      <Filter>Gameobject\Crate</Filter>
    </ClCompile>
    <ClCompile Include="Source\SpriteAnimation.cpp">
      <Filter>Animation</Filter>
    </ClCompile>
    <ClCompile Include="Source\AnimationHelper.cpp">
      <Filter>Animation</Filter>
    </ClCompile>
    <ClCompile Include="Source\BulletfireSprite.cpp">
      <Filter>Gameobject\BulletfireSprite</Filter>
    </ClCompile>
    <ClCompile Include="Source\BigTextSprite.cpp">
      <Filter>Gameobject\BigText</Filter>
    </ClCompile>
    <ClCompile Include="Source\Steve.cpp">
      <Filter>Models</Filter>
    </ClCompile>
    <ClCompile Include="Source\Zombi.cpp">
      <Filter>Models</Filter>
    </ClCompile>
    <ClCompile Include="Source\ZGenerator.cpp">
      <Filter>MobGenerator</Filter>
    </ClCompile>
    <ClCompile Include="Source\Gamepad.cpp">
      <Filter>Controller</Filter>
    </ClCompile>
    <ClCompile Include="Source\Enemy\Enemy.cpp">
      <Filter>Source Files</Filter>
    </ClCompile>
    <ClCompile Include="Source\AudioManager.cpp">
      <Filter>Audio</Filter>
    </ClCompile>
    <ClCompile Include="Source\Lua\LuaInferface.cpp">
      <Filter>Lua</Filter>
    </ClCompile>
    <ClCompile Include="Source\MenuState.cpp">
      <Filter>GameStateManager</Filter>
    </ClCompile>
    <ClCompile Include="Source\IntroState.cpp">
      <Filter>GameStateManager</Filter>
    </ClCompile>
    <ClCompile Include="Source\AchievementState.cpp">
      <Filter>GameStateManager</Filter>
    </ClCompile>
    <ClCompile Include="Source\HighscoreState.cpp">
      <Filter>GameStateManager</Filter>
    </ClCompile>
    <ClCompile Include="Source\OptionState.cpp">
      <Filter>GameStateManager</Filter>
    </ClCompile>
  </ItemGroup>
  <ItemGroup>
    <ClInclude Include="Source\Application.h">
      <Filter>Header Files</Filter>
    </ClInclude>
    <ClInclude Include="Source\SceneText.h">
      <Filter>Header Files</Filter>
    </ClInclude>
    <ClInclude Include="Source\FPSCamera.h">
      <Filter>Header Files</Filter>
    </ClInclude>
    <ClInclude Include="Source\OBJMesh.h">
      <Filter>Header Files</Filter>
    </ClInclude>
    <ClInclude Include="Source\GroundEntity.h">
      <Filter>Header Files</Filter>
    </ClInclude>
    <ClInclude Include="Source\TextEntity.h">
      <Filter>Header Files</Filter>
    </ClInclude>
    <ClInclude Include="Source\SpriteEntity.h">
      <Filter>Header Files</Filter>
    </ClInclude>
    <ClInclude Include="Source\Light.h">
      <Filter>Header Files</Filter>
    </ClInclude>
    <ClInclude Include="Source\PlayerInfo\PlayerInfo.h">
      <Filter>PlayerInfo</Filter>
    </ClInclude>
    <ClInclude Include="Source\Projectile\Projectile.h">
      <Filter>Projectile</Filter>
    </ClInclude>
    <ClInclude Include="Source\SkyBox\SkyBoxEntity.h">
      <Filter>SkyBox</Filter>
    </ClInclude>
    <ClInclude Include="Source\WeaponInfo\Pistol.h">
      <Filter>WeaponInfo</Filter>
    </ClInclude>
    <ClInclude Include="Source\WeaponInfo\WeaponInfo.h">
      <Filter>WeaponInfo</Filter>
    </ClInclude>
    <ClInclude Include="Source\WeaponInfo\LaserBlaster.h">
      <Filter>WeaponInfo</Filter>
    </ClInclude>
    <ClInclude Include="Source\Projectile\Laser.h">
      <Filter>Projectile</Filter>
    </ClInclude>
    <ClInclude Include="Source\EntityManager.h">
      <Filter>Header Files</Filter>
    </ClInclude>
    <ClInclude Include="Source\GenericEntity.h">
      <Filter>Header Files</Filter>
    </ClInclude>
    <ClInclude Include="Source\SceneGraph\SceneGraph.h">
      <Filter>SceneGraph</Filter>
    </ClInclude>
    <ClInclude Include="Source\SceneGraph\Transform.h">
      <Filter>SceneGraph</Filter>
    </ClInclude>
    <ClInclude Include="Source\SceneGraph\SceneNode.h">
      <Filter>SceneGraph</Filter>
    </ClInclude>
    <ClInclude Include="Source\SceneGraph\UpdateTransformation.h">
      <Filter>SceneGraph</Filter>
    </ClInclude>
    <ClInclude Include="Source\SpatialPartition\Grid.h">
      <Filter>SpatialPartition</Filter>
    </ClInclude>
    <ClInclude Include="Source\SpatialPartition\SpatialPartition.h">
      <Filter>SpatialPartition</Filter>
    </ClInclude>
    <ClInclude Include="Source\WeaponInfo\GrenadeThrow.h">
      <Filter>WeaponInfo</Filter>
    </ClInclude>
    <ClInclude Include="Source\Projectile\Grenade.h">
      <Filter>Projectile</Filter>
    </ClInclude>
    <ClInclude Include="Source\LevelOfDetails\LevelOfDetails.h">
      <Filter>LevelOfDetails</Filter>
    </ClInclude>
    <ClInclude Include="Source\Physics.h">
      <Filter>Header Files</Filter>
    </ClInclude>
    <ClInclude Include="Source\Windmill.h">
      <Filter>Gameobject\Windmill</Filter>
    </ClInclude>
    <ClInclude Include="Source\Barrel.h">
      <Filter>Gameobject\Barrel</Filter>
    </ClInclude>
    <ClInclude Include="Source\Sack.h">
      <Filter>Gameobject\Sack</Filter>
    </ClInclude>
    <ClInclude Include="Source\Crate.h">
      <Filter>Gameobject\Crate</Filter>
    </ClInclude>
    <ClInclude Include="Source\SpriteAnimation.h">
      <Filter>Animation</Filter>
    </ClInclude>
    <ClInclude Include="Source\AnimationHelper.h">
      <Filter>Animation</Filter>
    </ClInclude>
    <ClInclude Include="Source\BulletfireSprite.h">
      <Filter>Gameobject\BulletfireSprite</Filter>
    </ClInclude>
    <ClInclude Include="Source\BigTextSprite.h">
      <Filter>Gameobject\BigText</Filter>
    </ClInclude>
    <ClInclude Include="Source\Steve.h">
      <Filter>Models</Filter>
    </ClInclude>
    <ClInclude Include="Source\Zombi.h">
      <Filter>Models</Filter>
    </ClInclude>
    <ClInclude Include="Source\ZGenerator.h">
      <Filter>MobGenerator</Filter>
    </ClInclude>
    <ClInclude Include="Source\Gamepad.h">
      <Filter>Controller</Filter>
    </ClInclude>
    <ClInclude Include="Source\Enemy\Enemy.h">
      <Filter>Header Files</Filter>
    </ClInclude>
    <ClInclude Include="Source\AudioManager.h">
      <Filter>Audio</Filter>
    </ClInclude>
    <ClInclude Include="Source\Lua\LuaInterface.h">
      <Filter>Lua</Filter>
    </ClInclude>
    <ClInclude Include="Source\Lua\lauxlib.h">
      <Filter>Lua</Filter>
    </ClInclude>
    <ClInclude Include="Source\Lua\lua.h">
      <Filter>Lua</Filter>
    </ClInclude>
    <ClInclude Include="Source\Lua\lua.hpp">
      <Filter>Lua</Filter>
    </ClInclude>
    <ClInclude Include="Source\Lua\luaconf.h">
      <Filter>Lua</Filter>
    </ClInclude>
    <ClInclude Include="Source\Lua\lualib.h">
      <Filter>Lua</Filter>
    </ClInclude>
    <ClInclude Include="Source\IntroState.h">
      <Filter>GameStateManager</Filter>
    </ClInclude>
    <ClInclude Include="Source\MenuState.h">
      <Filter>GameStateManager</Filter>
    </ClInclude>
    <ClInclude Include="Source\AchievementState.h">
      <Filter>GameStateManager</Filter>
    </ClInclude>
    <ClInclude Include="Source\HighscoreState.h">
      <Filter>GameStateManager</Filter>
    </ClInclude>
    <ClInclude Include="Source\OptionState.h">
      <Filter>GameStateManager</Filter>
    </ClInclude>
  </ItemGroup>
</Project>